
Microsoft Visual Studio Solution File, Format Version 12.00
# Visual Studio Version 17
VisualStudioVersion = 17.8.34316.72
MinimumVisualStudioVersion = 10.0.40219.1
Project("{FAE04EC0-301F-11D3-BF4B-00C04F79EFBC}") = "PokemonAdventure", "PokemonAdventure\PokemonAdventure.csproj", "{6C34FBAE-F78C-4DEA-B8D6-960C54D28794}"
EndProject
Global
	GlobalSection(SolutionConfigurationPlatforms) = preSolution
		Debug|Any CPU = Debug|Any CPU
		Release|Any CPU = Release|Any CPU
	EndGlobalSection
	GlobalSection(ProjectConfigurationPlatforms) = postSolution
		{6C34FBAE-F78C-4DEA-B8D6-960C54D28794}.Debug|Any CPU.ActiveCfg = Debug|Any CPU
		{6C34FBAE-F78C-4DEA-B8D6-960C54D28794}.Debug|Any CPU.Build.0 = Debug|Any CPU
		{6C34FBAE-F78C-4DEA-B8D6-960C54D28794}.Release|Any CPU.ActiveCfg = Release|Any CPU
		{6C34FBAE-F78C-4DEA-B8D6-960C54D28794}.Release|Any CPU.Build.0 = Release|Any CPU
	EndGlobalSection
	GlobalSection(SolutionProperties) = preSolution
		HideSolutionNode = FALSE
	EndGlobalSection
	GlobalSection(ExtensibilityGlobals) = postSolution
		SolutionGuid = {897CBAC0-790F-4CE6-96C1-160E4ECB2989}
	EndGlobalSection
EndGlobal
